// !$*UTF8*$!
{
	archiveVersion = 1;
	classes = {
	};
	objectVersion = 48;
	objects = {

/* Begin PBXBuildFile section */
		57A0AF28623DB24529083F0D /* Pods_FollowChatsTests.framework in Frameworks */ = {isa = PBXBuildFile; fileRef = 46E17DC190600E418695E01D /* Pods_FollowChatsTests.framework */; };
		6D2B021330F735CD6CB4C230 /* Pods_FollowChats.framework in Frameworks */ = {isa = PBXBuildFile; fileRef = 7999CFAF7A2E26648746C363 /* Pods_FollowChats.framework */; };
		9B2B16EA1FE663A300C8AA58 /* PostModel.swift in Sources */ = {isa = PBXBuildFile; fileRef = 9B2B16E91FE663A300C8AA58 /* PostModel.swift */; };
		9B2B16EF1FE6D92F00C8AA58 /* VideoPlayer.swift in Sources */ = {isa = PBXBuildFile; fileRef = 9B2B16EE1FE6D92F00C8AA58 /* VideoPlayer.swift */; };
		9B364BCC1FEF7D98008F6FEE /* FollowChats.xcdatamodeld in Sources */ = {isa = PBXBuildFile; fileRef = 9B364BCA1FEF7D98008F6FEE /* FollowChats.xcdatamodeld */; };
		9B364BD61FEF848E008F6FEE /* PersistanceService.swift in Sources */ = {isa = PBXBuildFile; fileRef = 9B364BD51FEF848E008F6FEE /* PersistanceService.swift */; };
		9BAAAB481FE583830004EC8D /* CornerRadius.swift in Sources */ = {isa = PBXBuildFile; fileRef = 9BAAAB471FE583830004EC8D /* CornerRadius.swift */; };
		9BAAAB4A1FE584770004EC8D /* RoundImageView.swift in Sources */ = {isa = PBXBuildFile; fileRef = 9BAAAB491FE584770004EC8D /* RoundImageView.swift */; };
		9BAAAB521FE58AF70004EC8D /* DataManager.swift in Sources */ = {isa = PBXBuildFile; fileRef = 9BAAAB511FE58AF70004EC8D /* DataManager.swift */; };
		9BAAAB551FE597270004EC8D /* LoginModel.swift in Sources */ = {isa = PBXBuildFile; fileRef = 9BAAAB541FE597270004EC8D /* LoginModel.swift */; };
		9BD44BBB1FE561810036A724 /* AppDelegate.swift in Sources */ = {isa = PBXBuildFile; fileRef = 9BD44BBA1FE561810036A724 /* AppDelegate.swift */; };
		9BD44BBD1FE561810036A724 /* PostsTableViewController.swift in Sources */ = {isa = PBXBuildFile; fileRef = 9BD44BBC1FE561810036A724 /* PostsTableViewController.swift */; };
		9BD44BC21FE561810036A724 /* Main.storyboard in Resources */ = {isa = PBXBuildFile; fileRef = 9BD44BC01FE561810036A724 /* Main.storyboard */; };
		9BD44BC41FE561810036A724 /* Assets.xcassets in Resources */ = {isa = PBXBuildFile; fileRef = 9BD44BC31FE561810036A724 /* Assets.xcassets */; };
		9BD44BC71FE561810036A724 /* LaunchScreen.storyboard in Resources */ = {isa = PBXBuildFile; fileRef = 9BD44BC51FE561810036A724 /* LaunchScreen.storyboard */; };
		9BD44BDD1FE5665B0036A724 /* ImagePostCell.swift in Sources */ = {isa = PBXBuildFile; fileRef = 9BD44BDC1FE5665B0036A724 /* ImagePostCell.swift */; };
		9BFFDC931FF3791700E9EB4E /* FetchRequest.swift in Sources */ = {isa = PBXBuildFile; fileRef = 9BFFDC921FF3791700E9EB4E /* FetchRequest.swift */; };
/* End PBXBuildFile section */

/* Begin PBXContainerItemProxy section */
		9BD44BCE1FE561820036A724 /* PBXContainerItemProxy */ = {
			isa = PBXContainerItemProxy;
			containerPortal = 9BD44BAF1FE561810036A724 /* Project object */;
			proxyType = 1;
			remoteGlobalIDString = 9BD44BB61FE561810036A724;
			remoteInfo = FollowChats;
		};
/* End PBXContainerItemProxy section */

/* Begin PBXFileReference section */
		46E17DC190600E418695E01D /* Pods_FollowChatsTests.framework */ = {isa = PBXFileReference; explicitFileType = wrapper.framework; includeInIndex = 0; path = Pods_FollowChatsTests.framework; sourceTree = BUILT_PRODUCTS_DIR; };
		524494AF62DA058A554D75BD /* Pods-FollowChatsTests.debug.xcconfig */ = {isa = PBXFileReference; includeInIndex = 1; lastKnownFileType = text.xcconfig; name = "Pods-FollowChatsTests.debug.xcconfig"; path = "Pods/Target Support Files/Pods-FollowChatsTests/Pods-FollowChatsTests.debug.xcconfig"; sourceTree = "<group>"; };
		7692B5600ECE332E7384CA88 /* Pods-FollowChats.debug.xcconfig */ = {isa = PBXFileReference; includeInIndex = 1; lastKnownFileType = text.xcconfig; name = "Pods-FollowChats.debug.xcconfig"; path = "Pods/Target Support Files/Pods-FollowChats/Pods-FollowChats.debug.xcconfig"; sourceTree = "<group>"; };
		7999CFAF7A2E26648746C363 /* Pods_FollowChats.framework */ = {isa = PBXFileReference; explicitFileType = wrapper.framework; includeInIndex = 0; path = Pods_FollowChats.framework; sourceTree = BUILT_PRODUCTS_DIR; };
		9B2B16E91FE663A300C8AA58 /* PostModel.swift */ = {isa = PBXFileReference; lastKnownFileType = sourcecode.swift; path = PostModel.swift; sourceTree = "<group>"; };
		9B2B16EE1FE6D92F00C8AA58 /* VideoPlayer.swift */ = {isa = PBXFileReference; fileEncoding = 4; lastKnownFileType = sourcecode.swift; path = VideoPlayer.swift; sourceTree = "<group>"; };
		9B364BCB1FEF7D98008F6FEE /* Model.xcdatamodel */ = {isa = PBXFileReference; lastKnownFileType = wrapper.xcdatamodel; path = Model.xcdatamodel; sourceTree = "<group>"; };
		9B364BD51FEF848E008F6FEE /* PersistanceService.swift */ = {isa = PBXFileReference; lastKnownFileType = sourcecode.swift; path = PersistanceService.swift; sourceTree = "<group>"; };
		9B5D790E1FF4E1E100A91BCE /* Model 2.xcdatamodel */ = {isa = PBXFileReference; lastKnownFileType = wrapper.xcdatamodel; path = "Model 2.xcdatamodel"; sourceTree = "<group>"; };
		9BAAAB471FE583830004EC8D /* CornerRadius.swift */ = {isa = PBXFileReference; lastKnownFileType = sourcecode.swift; path = CornerRadius.swift; sourceTree = "<group>"; };
		9BAAAB491FE584770004EC8D /* RoundImageView.swift */ = {isa = PBXFileReference; lastKnownFileType = sourcecode.swift; path = RoundImageView.swift; sourceTree = "<group>"; };
		9BAAAB511FE58AF70004EC8D /* DataManager.swift */ = {isa = PBXFileReference; fileEncoding = 4; lastKnownFileType = sourcecode.swift; path = DataManager.swift; sourceTree = "<group>"; };
		9BAAAB541FE597270004EC8D /* LoginModel.swift */ = {isa = PBXFileReference; lastKnownFileType = sourcecode.swift; path = LoginModel.swift; sourceTree = "<group>"; };
		9BD44BB71FE561810036A724 /* FollowChats.app */ = {isa = PBXFileReference; explicitFileType = wrapper.application; includeInIndex = 0; path = FollowChats.app; sourceTree = BUILT_PRODUCTS_DIR; };
		9BD44BBA1FE561810036A724 /* AppDelegate.swift */ = {isa = PBXFileReference; lastKnownFileType = sourcecode.swift; path = AppDelegate.swift; sourceTree = "<group>"; };
		9BD44BBC1FE561810036A724 /* PostsTableViewController.swift */ = {isa = PBXFileReference; lastKnownFileType = sourcecode.swift; path = PostsTableViewController.swift; sourceTree = "<group>"; };
		9BD44BC11FE561810036A724 /* Base */ = {isa = PBXFileReference; lastKnownFileType = file.storyboard; name = Base; path = Base.lproj/Main.storyboard; sourceTree = "<group>"; };
		9BD44BC31FE561810036A724 /* Assets.xcassets */ = {isa = PBXFileReference; lastKnownFileType = folder.assetcatalog; path = Assets.xcassets; sourceTree = "<group>"; };
		9BD44BC61FE561810036A724 /* Base */ = {isa = PBXFileReference; lastKnownFileType = file.storyboard; name = Base; path = Base.lproj/LaunchScreen.storyboard; sourceTree = "<group>"; };
		9BD44BC81FE561810036A724 /* Info.plist */ = {isa = PBXFileReference; lastKnownFileType = text.plist.xml; path = Info.plist; sourceTree = "<group>"; };
		9BD44BCD1FE561820036A724 /* FollowChatsTests.xctest */ = {isa = PBXFileReference; explicitFileType = wrapper.cfbundle; includeInIndex = 0; path = FollowChatsTests.xctest; sourceTree = BUILT_PRODUCTS_DIR; };
		9BD44BDC1FE5665B0036A724 /* ImagePostCell.swift */ = {isa = PBXFileReference; fileEncoding = 4; lastKnownFileType = sourcecode.swift; path = ImagePostCell.swift; sourceTree = "<group>"; };
		9BFFDC921FF3791700E9EB4E /* FetchRequest.swift */ = {isa = PBXFileReference; lastKnownFileType = sourcecode.swift; path = FetchRequest.swift; sourceTree = "<group>"; };
		D6C8FAAB84EAA256EB03EECD /* Pods-FollowChats.release.xcconfig */ = {isa = PBXFileReference; includeInIndex = 1; lastKnownFileType = text.xcconfig; name = "Pods-FollowChats.release.xcconfig"; path = "Pods/Target Support Files/Pods-FollowChats/Pods-FollowChats.release.xcconfig"; sourceTree = "<group>"; };
		EAAAA9ACC7A48C4C528598DB /* Pods-FollowChatsTests.release.xcconfig */ = {isa = PBXFileReference; includeInIndex = 1; lastKnownFileType = text.xcconfig; name = "Pods-FollowChatsTests.release.xcconfig"; path = "Pods/Target Support Files/Pods-FollowChatsTests/Pods-FollowChatsTests.release.xcconfig"; sourceTree = "<group>"; };
/* End PBXFileReference section */

/* Begin PBXFrameworksBuildPhase section */
		9BD44BB41FE561810036A724 /* Frameworks */ = {
			isa = PBXFrameworksBuildPhase;
			buildActionMask = 2147483647;
			files = (
				6D2B021330F735CD6CB4C230 /* Pods_FollowChats.framework in Frameworks */,
			);
			runOnlyForDeploymentPostprocessing = 0;
		};
		9BD44BCA1FE561820036A724 /* Frameworks */ = {
			isa = PBXFrameworksBuildPhase;
			buildActionMask = 2147483647;
			files = (
				57A0AF28623DB24529083F0D /* Pods_FollowChatsTests.framework in Frameworks */,
			);
			runOnlyForDeploymentPostprocessing = 0;
		};
/* End PBXFrameworksBuildPhase section */

/* Begin PBXGroup section */
		245897D2B5C16EFEAE58F6AA /* Frameworks */ = {
			isa = PBXGroup;
			children = (
				7999CFAF7A2E26648746C363 /* Pods_FollowChats.framework */,
				46E17DC190600E418695E01D /* Pods_FollowChatsTests.framework */,
			);
			name = Frameworks;
			sourceTree = "<group>";
		};
		9B2B16ED1FE6D91D00C8AA58 /* VideoPlayer */ = {
			isa = PBXGroup;
			children = (
				9B2B16EE1FE6D92F00C8AA58 /* VideoPlayer.swift */,
			);
			path = VideoPlayer;
			sourceTree = "<group>";
		};
		9BAAAB4B1FE58A190004EC8D /* ImageView+UIViewCorner */ = {
			isa = PBXGroup;
			children = (
				9BAAAB471FE583830004EC8D /* CornerRadius.swift */,
				9BAAAB491FE584770004EC8D /* RoundImageView.swift */,
			);
			path = "ImageView+UIViewCorner";
			sourceTree = "<group>";
		};
		9BAAAB4C1FE58A430004EC8D /* Controller */ = {
			isa = PBXGroup;
			children = (
				9BD44BBC1FE561810036A724 /* PostsTableViewController.swift */,
			);
			path = Controller;
			sourceTree = "<group>";
		};
		9BAAAB4D1FE58A4D0004EC8D /* CustomCell */ = {
			isa = PBXGroup;
			children = (
				9BD44BDC1FE5665B0036A724 /* ImagePostCell.swift */,
			);
			path = CustomCell;
			sourceTree = "<group>";
		};
		9BAAAB4E1FE58A580004EC8D /* View */ = {
			isa = PBXGroup;
			children = (
				9BD44BC01FE561810036A724 /* Main.storyboard */,
				9BD44BC51FE561810036A724 /* LaunchScreen.storyboard */,
			);
			path = View;
			sourceTree = "<group>";
		};
		9BAAAB4F1FE58A650004EC8D /* AppDelegate */ = {
			isa = PBXGroup;
			children = (
				9BD44BBA1FE561810036A724 /* AppDelegate.swift */,
				9B364BD51FEF848E008F6FEE /* PersistanceService.swift */,
			);
			path = AppDelegate;
			sourceTree = "<group>";
		};
		9BAAAB501FE58AF70004EC8D /* DataManager */ = {
			isa = PBXGroup;
			children = (
				9BAAAB511FE58AF70004EC8D /* DataManager.swift */,
			);
			path = DataManager;
			sourceTree = "<group>";
		};
		9BAAAB531FE5970B0004EC8D /* Model */ = {
			isa = PBXGroup;
			children = (
				9BAAAB541FE597270004EC8D /* LoginModel.swift */,
				9B2B16E91FE663A300C8AA58 /* PostModel.swift */,
			);
			path = Model;
			sourceTree = "<group>";
		};
		9BD44BAE1FE561810036A724 = {
			isa = PBXGroup;
			children = (
				9BD44BB91FE561810036A724 /* FollowChats */,
				9BD44BB81FE561810036A724 /* Products */,
				D1776575EDF2F916543D8F32 /* Pods */,
				245897D2B5C16EFEAE58F6AA /* Frameworks */,
			);
			sourceTree = "<group>";
		};
		9BD44BB81FE561810036A724 /* Products */ = {
			isa = PBXGroup;
			children = (
				9BD44BB71FE561810036A724 /* FollowChats.app */,
				9BD44BCD1FE561820036A724 /* FollowChatsTests.xctest */,
			);
			name = Products;
			sourceTree = "<group>";
		};
		9BD44BB91FE561810036A724 /* FollowChats */ = {
			isa = PBXGroup;
			children = (
				9B2B16ED1FE6D91D00C8AA58 /* VideoPlayer */,
				9BAAAB531FE5970B0004EC8D /* Model */,
				9BAAAB501FE58AF70004EC8D /* DataManager */,
				9BAAAB4F1FE58A650004EC8D /* AppDelegate */,
				9BAAAB4E1FE58A580004EC8D /* View */,
				9BAAAB4D1FE58A4D0004EC8D /* CustomCell */,
				9BAAAB4C1FE58A430004EC8D /* Controller */,
				9BAAAB4B1FE58A190004EC8D /* ImageView+UIViewCorner */,
				9BD44BC31FE561810036A724 /* Assets.xcassets */,
				9BD44BC81FE561810036A724 /* Info.plist */,
				9B364BCA1FEF7D98008F6FEE /* FollowChats.xcdatamodeld */,
				9BFFDC921FF3791700E9EB4E /* FetchRequest.swift */,
			);
			path = FollowChats;
			sourceTree = "<group>";
		};
		D1776575EDF2F916543D8F32 /* Pods */ = {
			isa = PBXGroup;
			children = (
				7692B5600ECE332E7384CA88 /* Pods-FollowChats.debug.xcconfig */,
				D6C8FAAB84EAA256EB03EECD /* Pods-FollowChats.release.xcconfig */,
				524494AF62DA058A554D75BD /* Pods-FollowChatsTests.debug.xcconfig */,
				EAAAA9ACC7A48C4C528598DB /* Pods-FollowChatsTests.release.xcconfig */,
			);
			name = Pods;
			sourceTree = "<group>";
		};
/* End PBXGroup section */

/* Begin PBXNativeTarget section */
		9BD44BB61FE561810036A724 /* FollowChats */ = {
			isa = PBXNativeTarget;
			buildConfigurationList = 9BD44BD61FE561820036A724 /* Build configuration list for PBXNativeTarget "FollowChats" */;
			buildPhases = (
				AFA5A8E53A201CFBBBD48003 /* [CP] Check Pods Manifest.lock */,
				9BD44BB31FE561810036A724 /* Sources */,
				9BD44BB41FE561810036A724 /* Frameworks */,
				9BD44BB51FE561810036A724 /* Resources */,
				DCD852490EE52F741047318B /* [CP] Embed Pods Frameworks */,
				1EAEC986B5FCD434137878E4 /* [CP] Copy Pods Resources */,
			);
			buildRules = (
			);
			dependencies = (
			);
			name = FollowChats;
			productName = FollowChats;
			productReference = 9BD44BB71FE561810036A724 /* FollowChats.app */;
			productType = "com.apple.product-type.application";
		};
		9BD44BCC1FE561820036A724 /* FollowChatsTests */ = {
			isa = PBXNativeTarget;
			buildConfigurationList = 9BD44BD91FE561820036A724 /* Build configuration list for PBXNativeTarget "FollowChatsTests" */;
			buildPhases = (
				A89A18F9A6456AFFD76C54C6 /* [CP] Check Pods Manifest.lock */,
				9BD44BC91FE561820036A724 /* Sources */,
				9BD44BCA1FE561820036A724 /* Frameworks */,
				9BD44BCB1FE561820036A724 /* Resources */,
				5C73DF9E3C53119D6DAFA15E /* [CP] Embed Pods Frameworks */,
				A09B101B45E11F1AC6430595 /* [CP] Copy Pods Resources */,
			);
			buildRules = (
			);
			dependencies = (
				9BD44BCF1FE561820036A724 /* PBXTargetDependency */,
			);
			name = FollowChatsTests;
			productName = FollowChatsTests;
			productReference = 9BD44BCD1FE561820036A724 /* FollowChatsTests.xctest */;
			productType = "com.apple.product-type.bundle.unit-test";
		};
/* End PBXNativeTarget section */

/* Begin PBXProject section */
		9BD44BAF1FE561810036A724 /* Project object */ = {
			isa = PBXProject;
			attributes = {
				LastSwiftUpdateCheck = 0920;
				LastUpgradeCheck = 0920;
				ORGANIZATIONNAME = "Sanjay Mali";
				TargetAttributes = {
					9BD44BB61FE561810036A724 = {
						CreatedOnToolsVersion = 9.2;
						ProvisioningStyle = Automatic;
					};
					9BD44BCC1FE561820036A724 = {
						CreatedOnToolsVersion = 9.2;
						ProvisioningStyle = Automatic;
						TestTargetID = 9BD44BB61FE561810036A724;
					};
				};
			};
			buildConfigurationList = 9BD44BB21FE561810036A724 /* Build configuration list for PBXProject "FollowChats" */;
			compatibilityVersion = "Xcode 8.0";
			developmentRegion = en;
			hasScannedForEncodings = 0;
			knownRegions = (
				en,
				Base,
			);
			mainGroup = 9BD44BAE1FE561810036A724;
			productRefGroup = 9BD44BB81FE561810036A724 /* Products */;
			projectDirPath = "";
			projectRoot = "";
			targets = (
				9BD44BB61FE561810036A724 /* FollowChats */,
				9BD44BCC1FE561820036A724 /* FollowChatsTests */,
			);
		};
/* End PBXProject section */

/* Begin PBXResourcesBuildPhase section */
		9BD44BB51FE561810036A724 /* Resources */ = {
			isa = PBXResourcesBuildPhase;
			buildActionMask = 2147483647;
			files = (
				9BD44BC71FE561810036A724 /* LaunchScreen.storyboard in Resources */,
				9BD44BC41FE561810036A724 /* Assets.xcassets in Resources */,
				9BD44BC21FE561810036A724 /* Main.storyboard in Resources */,
			);
			runOnlyForDeploymentPostprocessing = 0;
		};
		9BD44BCB1FE561820036A724 /* Resources */ = {
			isa = PBXResourcesBuildPhase;
			buildActionMask = 2147483647;
			files = (
			);
			runOnlyForDeploymentPostprocessing = 0;
		};
/* End PBXResourcesBuildPhase section */

/* Begin PBXShellScriptBuildPhase section */
		1EAEC986B5FCD434137878E4 /* [CP] Copy Pods Resources */ = {
			isa = PBXShellScriptBuildPhase;
			buildActionMask = 2147483647;
			files = (
			);
			inputPaths = (
			);
			name = "[CP] Copy Pods Resources";
			outputPaths = (
			);
			runOnlyForDeploymentPostprocessing = 0;
			shellPath = /bin/sh;
			shellScript = "\"${SRCROOT}/Pods/Target Support Files/Pods-FollowChats/Pods-FollowChats-resources.sh\"\n";
			showEnvVarsInLog = 0;
		};
		5C73DF9E3C53119D6DAFA15E /* [CP] Embed Pods Frameworks */ = {
			isa = PBXShellScriptBuildPhase;
			buildActionMask = 2147483647;
			files = (
			);
			inputPaths = (
				"${SRCROOT}/Pods/Target Support Files/Pods-FollowChatsTests/Pods-FollowChatsTests-frameworks.sh",
				"${BUILT_PRODUCTS_DIR}/Alamofire/Alamofire.framework",
			);
			name = "[CP] Embed Pods Frameworks";
			outputPaths = (
				"${TARGET_BUILD_DIR}/${FRAMEWORKS_FOLDER_PATH}/Alamofire.framework",
			);
			runOnlyForDeploymentPostprocessing = 0;
			shellPath = /bin/sh;
			shellScript = "\"${SRCROOT}/Pods/Target Support Files/Pods-FollowChatsTests/Pods-FollowChatsTests-frameworks.sh\"\n";
			showEnvVarsInLog = 0;
		};
		A09B101B45E11F1AC6430595 /* [CP] Copy Pods Resources */ = {
			isa = PBXShellScriptBuildPhase;
			buildActionMask = 2147483647;
			files = (
			);
			inputPaths = (
			);
			name = "[CP] Copy Pods Resources";
			outputPaths = (
			);
			runOnlyForDeploymentPostprocessing = 0;
			shellPath = /bin/sh;
			shellScript = "\"${SRCROOT}/Pods/Target Support Files/Pods-FollowChatsTests/Pods-FollowChatsTests-resources.sh\"\n";
			showEnvVarsInLog = 0;
		};
		A89A18F9A6456AFFD76C54C6 /* [CP] Check Pods Manifest.lock */ = {
			isa = PBXShellScriptBuildPhase;
			buildActionMask = 2147483647;
			files = (
			);
			inputPaths = (
				"${PODS_PODFILE_DIR_PATH}/Podfile.lock",
				"${PODS_ROOT}/Manifest.lock",
			);
			name = "[CP] Check Pods Manifest.lock";
			outputPaths = (
				"$(DERIVED_FILE_DIR)/Pods-FollowChatsTests-checkManifestLockResult.txt",
			);
			runOnlyForDeploymentPostprocessing = 0;
			shellPath = /bin/sh;
			shellScript = "diff \"${PODS_PODFILE_DIR_PATH}/Podfile.lock\" \"${PODS_ROOT}/Manifest.lock\" > /dev/null\nif [ $? != 0 ] ; then\n    # print error to STDERR\n    echo \"error: The sandbox is not in sync with the Podfile.lock. Run 'pod install' or update your CocoaPods installation.\" >&2\n    exit 1\nfi\n# This output is used by Xcode 'outputs' to avoid re-running this script phase.\necho \"SUCCESS\" > \"${SCRIPT_OUTPUT_FILE_0}\"\n";
			showEnvVarsInLog = 0;
		};
		AFA5A8E53A201CFBBBD48003 /* [CP] Check Pods Manifest.lock */ = {
			isa = PBXShellScriptBuildPhase;
			buildActionMask = 2147483647;
			files = (
			);
			inputPaths = (
				"${PODS_PODFILE_DIR_PATH}/Podfile.lock",
				"${PODS_ROOT}/Manifest.lock",
			);
			name = "[CP] Check Pods Manifest.lock";
			outputPaths = (
				"$(DERIVED_FILE_DIR)/Pods-FollowChats-checkManifestLockResult.txt",
			);
			runOnlyForDeploymentPostprocessing = 0;
			shellPath = /bin/sh;
			shellScript = "diff \"${PODS_PODFILE_DIR_PATH}/Podfile.lock\" \"${PODS_ROOT}/Manifest.lock\" > /dev/null\nif [ $? != 0 ] ; then\n    # print error to STDERR\n    echo \"error: The sandbox is not in sync with the Podfile.lock. Run 'pod install' or update your CocoaPods installation.\" >&2\n    exit 1\nfi\n# This output is used by Xcode 'outputs' to avoid re-running this script phase.\necho \"SUCCESS\" > \"${SCRIPT_OUTPUT_FILE_0}\"\n";
			showEnvVarsInLog = 0;
		};
		DCD852490EE52F741047318B /* [CP] Embed Pods Frameworks */ = {
			isa = PBXShellScriptBuildPhase;
			buildActionMask = 2147483647;
			files = (
			);
			inputPaths = (
				"${SRCROOT}/Pods/Target Support Files/Pods-FollowChats/Pods-FollowChats-frameworks.sh",
				"${BUILT_PRODUCTS_DIR}/KRActivityIndicatorView/KRActivityIndicatorView.framework",
				"${BUILT_PRODUCTS_DIR}/KRProgressHUD/KRProgressHUD.framework",
				"${BUILT_PRODUCTS_DIR}/Kingfisher/Kingfisher.framework",
			);
			name = "[CP] Embed Pods Frameworks";
			outputPaths = (
				"${TARGET_BUILD_DIR}/${FRAMEWORKS_FOLDER_PATH}/KRActivityIndicatorView.framework",
				"${TARGET_BUILD_DIR}/${FRAMEWORKS_FOLDER_PATH}/KRProgressHUD.framework",
				"${TARGET_BUILD_DIR}/${FRAMEWORKS_FOLDER_PATH}/Kingfisher.framework",
			);
			runOnlyForDeploymentPostprocessing = 0;
			shellPath = /bin/sh;
			shellScript = "\"${SRCROOT}/Pods/Target Support Files/Pods-FollowChats/Pods-FollowChats-frameworks.sh\"\n";
			showEnvVarsInLog = 0;
		};
/* End PBXShellScriptBuildPhase section */

/* Begin PBXSourcesBuildPhase section */
		9BD44BB31FE561810036A724 /* Sources */ = {
			isa = PBXSourcesBuildPhase;
			buildActionMask = 2147483647;
			files = (
				9BFFDC931FF3791700E9EB4E /* FetchRequest.swift in Sources */,
				9BAAAB481FE583830004EC8D /* CornerRadius.swift in Sources */,
				9BD44BDD1FE5665B0036A724 /* ImagePostCell.swift in Sources */,
				9BD44BBB1FE561810036A724 /* AppDelegate.swift in Sources */,
				9BAAAB551FE597270004EC8D /* LoginModel.swift in Sources */,
				9BD44BBD1FE561810036A724 /* PostsTableViewController.swift in Sources */,
				9B364BD61FEF848E008F6FEE /* PersistanceService.swift in Sources */,
				9BAAAB4A1FE584770004EC8D /* RoundImageView.swift in Sources */,
				9B2B16EF1FE6D92F00C8AA58 /* VideoPlayer.swift in Sources */,
				9B364BCC1FEF7D98008F6FEE /* FollowChats.xcdatamodeld in Sources */,
				9BAAAB521FE58AF70004EC8D /* DataManager.swift in Sources */,
				9B2B16EA1FE663A300C8AA58 /* PostModel.swift in Sources */,
			);
			runOnlyForDeploymentPostprocessing = 0;
		};
		9BD44BC91FE561820036A724 /* Sources */ = {
			isa = PBXSourcesBuildPhase;
			buildActionMask = 2147483647;
			files = (
			);
			runOnlyForDeploymentPostprocessing = 0;
		};
/* End PBXSourcesBuildPhase section */

/* Begin PBXTargetDependency section */
		9BD44BCF1FE561820036A724 /* PBXTargetDependency */ = {
			isa = PBXTargetDependency;
			target = 9BD44BB61FE561810036A724 /* FollowChats */;
			targetProxy = 9BD44BCE1FE561820036A724 /* PBXContainerItemProxy */;
		};
/* End PBXTargetDependency section */

/* Begin PBXVariantGroup section */
		9BD44BC01FE561810036A724 /* Main.storyboard */ = {
			isa = PBXVariantGroup;
			children = (
				9BD44BC11FE561810036A724 /* Base */,
			);
			name = Main.storyboard;
			sourceTree = "<group>";
		};
		9BD44BC51FE561810036A724 /* LaunchScreen.storyboard */ = {
			isa = PBXVariantGroup;
			children = (
				9BD44BC61FE561810036A724 /* Base */,
			);
			name = LaunchScreen.storyboard;
			sourceTree = "<group>";
		};
/* End PBXVariantGroup section */

/* Begin XCBuildConfiguration section */
		9BD44BD41FE561820036A724 /* Debug */ = {
			isa = XCBuildConfiguration;
			buildSettings = {
				ALWAYS_SEARCH_USER_PATHS = NO;
				CLANG_ANALYZER_NONNULL = YES;
				CLANG_ANALYZER_NUMBER_OBJECT_CONVERSION = YES_AGGRESSIVE;
				CLANG_CXX_LANGUAGE_STANDARD = "gnu++14";
				CLANG_CXX_LIBRARY = "libc++";
				CLANG_ENABLE_MODULES = YES;
				CLANG_ENABLE_OBJC_ARC = YES;
				CLANG_WARN_BLOCK_CAPTURE_AUTORELEASING = YES;
				CLANG_WARN_BOOL_CONVERSION = YES;
				CLANG_WARN_COMMA = YES;
				CLANG_WARN_CONSTANT_CONVERSION = YES;
				CLANG_WARN_DIRECT_OBJC_ISA_USAGE = YES_ERROR;
				CLANG_WARN_DOCUMENTATION_COMMENTS = YES;
				CLANG_WARN_EMPTY_BODY = YES;
				CLANG_WARN_ENUM_CONVERSION = YES;
				CLANG_WARN_INFINITE_RECURSION = YES;
				CLANG_WARN_INT_CONVERSION = YES;
				CLANG_WARN_NON_LITERAL_NULL_CONVERSION = YES;
				CLANG_WARN_OBJC_LITERAL_CONVERSION = YES;
				CLANG_WARN_OBJC_ROOT_CLASS = YES_ERROR;
				CLANG_WARN_RANGE_LOOP_ANALYSIS = YES;
				CLANG_WARN_STRICT_PROTOTYPES = YES;
				CLANG_WARN_SUSPICIOUS_MOVE = YES;
				CLANG_WARN_UNGUARDED_AVAILABILITY = YES_AGGRESSIVE;
				CLANG_WARN_UNREACHABLE_CODE = YES;
				CLANG_WARN__DUPLICATE_METHOD_MATCH = YES;
				CODE_SIGN_IDENTITY = "iPhone Developer";
				COPY_PHASE_STRIP = NO;
				DEBUG_INFORMATION_FORMAT = dwarf;
				ENABLE_STRICT_OBJC_MSGSEND = YES;
				ENABLE_TESTABILITY = YES;
				GCC_C_LANGUAGE_STANDARD = gnu11;
				GCC_DYNAMIC_NO_PIC = NO;
				GCC_NO_COMMON_BLOCKS = YES;
				GCC_OPTIMIZATION_LEVEL = 0;
				GCC_PREPROCESSOR_DEFINITIONS = (
					"DEBUG=1",
					"$(inherited)",
				);
				GCC_WARN_64_TO_32_BIT_CONVERSION = YES;
				GCC_WARN_ABOUT_RETURN_TYPE = YES_ERROR;
				GCC_WARN_UNDECLARED_SELECTOR = YES;
				GCC_WARN_UNINITIALIZED_AUTOS = YES_AGGRESSIVE;
				GCC_WARN_UNUSED_FUNCTION = YES;
				GCC_WARN_UNUSED_VARIABLE = YES;
				IPHONEOS_DEPLOYMENT_TARGET = 11.2;
				MTL_ENABLE_DEBUG_INFO = YES;
				ONLY_ACTIVE_ARCH = YES;
				SDKROOT = iphoneos;
				SWIFT_ACTIVE_COMPILATION_CONDITIONS = DEBUG;
				SWIFT_OPTIMIZATION_LEVEL = "-Onone";
			};
			name = Debug;
		};
		9BD44BD51FE561820036A724 /* Release */ = {
			isa = XCBuildConfiguration;
			buildSettings = {
				ALWAYS_SEARCH_USER_PATHS = NO;
				CLANG_ANALYZER_NONNULL = YES;
				CLANG_ANALYZER_NUMBER_OBJECT_CONVERSION = YES_AGGRESSIVE;
				CLANG_CXX_LANGUAGE_STANDARD = "gnu++14";
				CLANG_CXX_LIBRARY = "libc++";
				CLANG_ENABLE_MODULES = YES;
				CLANG_ENABLE_OBJC_ARC = YES;
				CLANG_WARN_BLOCK_CAPTURE_AUTORELEASING = YES;
				CLANG_WARN_BOOL_CONVERSION = YES;
				CLANG_WARN_COMMA = YES;
				CLANG_WARN_CONSTANT_CONVERSION = YES;
				CLANG_WARN_DIRECT_OBJC_ISA_USAGE = YES_ERROR;
				CLANG_WARN_DOCUMENTATION_COMMENTS = YES;
				CLANG_WARN_EMPTY_BODY = YES;
				CLANG_WARN_ENUM_CONVERSION = YES;
				CLANG_WARN_INFINITE_RECURSION = YES;
				CLANG_WARN_INT_CONVERSION = YES;
				CLANG_WARN_NON_LITERAL_NULL_CONVERSION = YES;
				CLANG_WARN_OBJC_LITERAL_CONVERSION = YES;
				CLANG_WARN_OBJC_ROOT_CLASS = YES_ERROR;
				CLANG_WARN_RANGE_LOOP_ANALYSIS = YES;
				CLANG_WARN_STRICT_PROTOTYPES = YES;
				CLANG_WARN_SUSPICIOUS_MOVE = YES;
				CLANG_WARN_UNGUARDED_AVAILABILITY = YES_AGGRESSIVE;
				CLANG_WARN_UNREACHABLE_CODE = YES;
				CLANG_WARN__DUPLICATE_METHOD_MATCH = YES;
				CODE_SIGN_IDENTITY = "iPhone Developer";
				COPY_PHASE_STRIP = NO;
				DEBUG_INFORMATION_FORMAT = "dwarf-with-dsym";
				ENABLE_NS_ASSERTIONS = NO;
				ENABLE_STRICT_OBJC_MSGSEND = YES;
				GCC_C_LANGUAGE_STANDARD = gnu11;
				GCC_NO_COMMON_BLOCKS = YES;
				GCC_WARN_64_TO_32_BIT_CONVERSION = YES;
				GCC_WARN_ABOUT_RETURN_TYPE = YES_ERROR;
				GCC_WARN_UNDECLARED_SELECTOR = YES;
				GCC_WARN_UNINITIALIZED_AUTOS = YES_AGGRESSIVE;
				GCC_WARN_UNUSED_FUNCTION = YES;
				GCC_WARN_UNUSED_VARIABLE = YES;
				IPHONEOS_DEPLOYMENT_TARGET = 11.2;
				MTL_ENABLE_DEBUG_INFO = NO;
				SDKROOT = iphoneos;
				SWIFT_OPTIMIZATION_LEVEL = "-Owholemodule";
				VALIDATE_PRODUCT = YES;
			};
			name = Release;
		};
		9BD44BD71FE561820036A724 /* Debug */ = {
			isa = XCBuildConfiguration;
			baseConfigurationReference = 7692B5600ECE332E7384CA88 /* Pods-FollowChats.debug.xcconfig */;
			buildSettings = {
				ASSETCATALOG_COMPILER_APPICON_NAME = AppIcon;
				CODE_SIGN_STYLE = Automatic;
				DEVELOPMENT_TEAM = V9ECRET98Q;
				INFOPLIST_FILE = FollowChats/Info.plist;
				IPHONEOS_DEPLOYMENT_TARGET = 11.2;
				LD_RUNPATH_SEARCH_PATHS = "$(inherited) @executable_path/Frameworks";
				PRODUCT_BUNDLE_IDENTIFIER = theiOSDeveloper.FollowChats;
				PRODUCT_NAME = "$(TARGET_NAME)";
				SWIFT_VERSION = 4.0;
				TARGETED_DEVICE_FAMILY = "1,2";
			};
			name = Debug;
		};
		9BD44BD81FE561820036A724 /* Release */ = {
			isa = XCBuildConfiguration;
			baseConfigurationReference = D6C8FAAB84EAA256EB03EECD /* Pods-FollowChats.release.xcconfig */;
			buildSettings = {
				ASSETCATALOG_COMPILER_APPICON_NAME = AppIcon;
				CODE_SIGN_STYLE = Automatic;
				DEVELOPMENT_TEAM = V9ECRET98Q;
				INFOPLIST_FILE = FollowChats/Info.plist;
				IPHONEOS_DEPLOYMENT_TARGET = 11.2;
				LD_RUNPATH_SEARCH_PATHS = "$(inherited) @executable_path/Frameworks";
				PRODUCT_BUNDLE_IDENTIFIER = theiOSDeveloper.FollowChats;
				PRODUCT_NAME = "$(TARGET_NAME)";
				SWIFT_VERSION = 4.0;
				TARGETED_DEVICE_FAMILY = "1,2";
			};
			name = Release;
		};
		9BD44BDA1FE561820036A724 /* Debug */ = {
			isa = XCBuildConfiguration;
			baseConfigurationReference = 524494AF62DA058A554D75BD /* Pods-FollowChatsTests.debug.xcconfig */;
			buildSettings = {
				ALWAYS_EMBED_SWIFT_STANDARD_LIBRARIES = "$(inherited)`";
				BUNDLE_LOADER = "$(TEST_HOST)";
				CODE_SIGN_STYLE = Automatic;
				DEVELOPMENT_TEAM = V9ECRET98Q;
				INFOPLIST_FILE = FollowChatsTests/Info.plist;
				LD_RUNPATH_SEARCH_PATHS = "$(inherited) @executable_path/Frameworks @loader_path/Frameworks";
				PRODUCT_BUNDLE_IDENTIFIER = theiOSDeveloper.FollowChatsTests;
				PRODUCT_NAME = "$(TARGET_NAME)";
				SWIFT_VERSION = 4.0;
				TARGETED_DEVICE_FAMILY = "1,2";
				TEST_HOST = "$(BUILT_PRODUCTS_DIR)/FollowChats.app/FollowChats";
			};
			name = Debug;
		};
		9BD44BDB1FE561820036A724 /* Release */ = {
			isa = XCBuildConfiguration;
			baseConfigurationReference = EAAAA9ACC7A48C4C528598DB /* Pods-FollowChatsTests.release.xcconfig */;
			buildSettings = {
				ALWAYS_EMBED_SWIFT_STANDARD_LIBRARIES = "$(inherited)`";
				BUNDLE_LOADER = "$(TEST_HOST)";
				CODE_SIGN_STYLE = Automatic;
				DEVELOPMENT_TEAM = V9ECRET98Q;
				INFOPLIST_FILE = FollowChatsTests/Info.plist;
				LD_RUNPATH_SEARCH_PATHS = "$(inherited) @executable_path/Frameworks @loader_path/Frameworks";
				PRODUCT_BUNDLE_IDENTIFIER = theiOSDeveloper.FollowChatsTests;
				PRODUCT_NAME = "$(TARGET_NAME)";
				SWIFT_VERSION = 4.0;
				TARGETED_DEVICE_FAMILY = "1,2";
				TEST_HOST = "$(BUILT_PRODUCTS_DIR)/FollowChats.app/FollowChats";
			};
			name = Release;
		};
/* End XCBuildConfiguration section */

/* Begin XCConfigurationList section */
		9BD44BB21FE561810036A724 /* Build configuration list for PBXProject "FollowChats" */ = {
			isa = XCConfigurationList;
			buildConfigurations = (
				9BD44BD41FE561820036A724 /* Debug */,
				9BD44BD51FE561820036A724 /* Release */,
			);
			defaultConfigurationIsVisible = 0;
			defaultConfigurationName = Release;
		};
		9BD44BD61FE561820036A724 /* Build configuration list for PBXNativeTarget "FollowChats" */ = {
			isa = XCConfigurationList;
			buildConfigurations = (
				9BD44BD71FE561820036A724 /* Debug */,
				9BD44BD81FE561820036A724 /* Release */,
			);
			defaultConfigurationIsVisible = 0;
			defaultConfigurationName = Release;
		};
		9BD44BD91FE561820036A724 /* Build configuration list for PBXNativeTarget "FollowChatsTests" */ = {
			isa = XCConfigurationList;
			buildConfigurations = (
				9BD44BDA1FE561820036A724 /* Debug */,
				9BD44BDB1FE561820036A724 /* Release */,
			);
			defaultConfigurationIsVisible = 0;
			defaultConfigurationName = Release;
		};
/* End XCConfigurationList section */

/* Begin XCVersionGroup section */
		9B364BCA1FEF7D98008F6FEE /* FollowChats.xcdatamodeld */ = {
			isa = XCVersionGroup;
			children = (
				9B5D790E1FF4E1E100A91BCE /* Model 2.xcdatamodel */,
				9B364BCB1FEF7D98008F6FEE /* Model.xcdatamodel */,
			);
			currentVersion = 9B5D790E1FF4E1E100A91BCE /* Model 2.xcdatamodel */;
			path = FollowChats.xcdatamodeld;
			sourceTree = "<group>";
			versionGroupType = wrapper.xcdatamodel;
		};
/* End XCVersionGroup section */
	};
	rootObject = 9BD44BAF1FE561810036A724 /* Project object */;
}
